
Microsoft Visual Studio Solution File, Format Version 12.00
# Visual Studio Version 17
VisualStudioVersion = 17.0.32112.339
MinimumVisualStudioVersion = 10.0.40219.1
Project("{FAE04EC0-301F-11D3-BF4B-00C04F79EFBC}") = "FactoryMethod", "FactoryMethod\FactoryMethod.csproj", "{9BF6791F-8D34-4635-A365-C1E9E525D2F1}"
EndProject
Global
	GlobalSection(SolutionConfigurationPlatforms) = preSolution
		Debug|Any CPU = Debug|Any CPU
		Release|Any CPU = Release|Any CPU
	EndGlobalSection
	GlobalSection(ProjectConfigurationPlatforms) = postSolution
		{9BF6791F-8D34-4635-A365-C1E9E525D2F1}.Debug|Any CPU.ActiveCfg = Debug|Any CPU
		{9BF6791F-8D34-4635-A365-C1E9E525D2F1}.Debug|Any CPU.Build.0 = Debug|Any CPU
		{9BF6791F-8D34-4635-A365-C1E9E525D2F1}.Release|Any CPU.ActiveCfg = Release|Any CPU
		{9BF6791F-8D34-4635-A365-C1E9E525D2F1}.Release|Any CPU.Build.0 = Release|Any CPU
	EndGlobalSection
	GlobalSection(SolutionProperties) = preSolution
		HideSolutionNode = FALSE
	EndGlobalSection
	GlobalSection(ExtensibilityGlobals) = postSolution
		SolutionGuid = {2E5B84CA-DC40-4C54-AE6E-EB2CC9EAE42C}
	EndGlobalSection
EndGlobal
